
Microsoft Visual Studio Solution File, Format Version 12.00
# Visual Studio Version 17
VisualStudioVersion = 17.0.31903.59
MinimumVisualStudioVersion = 10.0.40219.1
Project("{FAE04EC0-301F-11D3-BF4B-00C04F79EFBC}") = "backend", "backend\backend.csproj", "{631CA4C6-AD5D-4E3E-8DA9-FE44D73FD194}"
EndProject
Project("{FAE04EC0-301F-11D3-BF4B-00C04F79EFBC}") = "clubpost-indexer", "backend\src\worker\clubpost-indexer\clubpost-indexer.csproj", "{1F647730-3F13-41D5-BDDB-4E676287AB22}"
EndProject
Project("{FAE04EC0-301F-11D3-BF4B-00C04F79EFBC}") = "email-worker", "backend\src\worker\email-worker\email-worker.csproj", "{B55B056B-BB9D-41EF-B6E2-7FB69CB66CBF}"
EndProject
Project("{FAE04EC0-301F-11D3-BF4B-00C04F79EFBC}") = "event-indexer", "backend\src\worker\event-indexer\event-indexer.csproj", "{82C559A0-34A7-4DCD-AAD6-F97D8977AF47}"
EndProject
Project("{FAE04EC0-301F-11D3-BF4B-00C04F79EFBC}") = "backend.tests", "backend.tests\backend.tests.csproj", "{2E61F1C9-85EF-4A84-AE01-7BC574B89A53}"
EndProject
Global
	GlobalSection(SolutionConfigurationPlatforms) = preSolution
		Debug|Any CPU = Debug|Any CPU
		Debug|x64 = Debug|x64
		Debug|x86 = Debug|x86
		Release|Any CPU = Release|Any CPU
		Release|x64 = Release|x64
		Release|x86 = Release|x86
	EndGlobalSection
	GlobalSection(ProjectConfigurationPlatforms) = postSolution
		{631CA4C6-AD5D-4E3E-8DA9-FE44D73FD194}.Debug|Any CPU.ActiveCfg = Debug|Any CPU
		{631CA4C6-AD5D-4E3E-8DA9-FE44D73FD194}.Debug|Any CPU.Build.0 = Debug|Any CPU
		{631CA4C6-AD5D-4E3E-8DA9-FE44D73FD194}.Debug|x64.ActiveCfg = Debug|Any CPU
		{631CA4C6-AD5D-4E3E-8DA9-FE44D73FD194}.Debug|x64.Build.0 = Debug|Any CPU
		{631CA4C6-AD5D-4E3E-8DA9-FE44D73FD194}.Debug|x86.ActiveCfg = Debug|Any CPU
		{631CA4C6-AD5D-4E3E-8DA9-FE44D73FD194}.Debug|x86.Build.0 = Debug|Any CPU
		{631CA4C6-AD5D-4E3E-8DA9-FE44D73FD194}.Release|Any CPU.ActiveCfg = Release|Any CPU
		{631CA4C6-AD5D-4E3E-8DA9-FE44D73FD194}.Release|Any CPU.Build.0 = Release|Any CPU
		{631CA4C6-AD5D-4E3E-8DA9-FE44D73FD194}.Release|x64.ActiveCfg = Release|Any CPU
		{631CA4C6-AD5D-4E3E-8DA9-FE44D73FD194}.Release|x64.Build.0 = Release|Any CPU
		{631CA4C6-AD5D-4E3E-8DA9-FE44D73FD194}.Release|x86.ActiveCfg = Release|Any CPU
		{631CA4C6-AD5D-4E3E-8DA9-FE44D73FD194}.Release|x86.Build.0 = Release|Any CPU
		{1F647730-3F13-41D5-BDDB-4E676287AB22}.Debug|Any CPU.ActiveCfg = Debug|Any CPU
		{1F647730-3F13-41D5-BDDB-4E676287AB22}.Debug|Any CPU.Build.0 = Debug|Any CPU
		{1F647730-3F13-41D5-BDDB-4E676287AB22}.Debug|x64.ActiveCfg = Debug|Any CPU
		{1F647730-3F13-41D5-BDDB-4E676287AB22}.Debug|x64.Build.0 = Debug|Any CPU
		{1F647730-3F13-41D5-BDDB-4E676287AB22}.Debug|x86.ActiveCfg = Debug|Any CPU
		{1F647730-3F13-41D5-BDDB-4E676287AB22}.Debug|x86.Build.0 = Debug|Any CPU
		{1F647730-3F13-41D5-BDDB-4E676287AB22}.Release|Any CPU.ActiveCfg = Release|Any CPU
		{1F647730-3F13-41D5-BDDB-4E676287AB22}.Release|Any CPU.Build.0 = Release|Any CPU
		{1F647730-3F13-41D5-BDDB-4E676287AB22}.Release|x64.ActiveCfg = Release|Any CPU
		{1F647730-3F13-41D5-BDDB-4E676287AB22}.Release|x64.Build.0 = Release|Any CPU
		{1F647730-3F13-41D5-BDDB-4E676287AB22}.Release|x86.ActiveCfg = Release|Any CPU
		{1F647730-3F13-41D5-BDDB-4E676287AB22}.Release|x86.Build.0 = Release|Any CPU
		{B55B056B-BB9D-41EF-B6E2-7FB69CB66CBF}.Debug|Any CPU.ActiveCfg = Debug|Any CPU
		{B55B056B-BB9D-41EF-B6E2-7FB69CB66CBF}.Debug|Any CPU.Build.0 = Debug|Any CPU
		{B55B056B-BB9D-41EF-B6E2-7FB69CB66CBF}.Debug|x64.ActiveCfg = Debug|Any CPU
		{B55B056B-BB9D-41EF-B6E2-7FB69CB66CBF}.Debug|x64.Build.0 = Debug|Any CPU
		{B55B056B-BB9D-41EF-B6E2-7FB69CB66CBF}.Debug|x86.ActiveCfg = Debug|Any CPU
		{B55B056B-BB9D-41EF-B6E2-7FB69CB66CBF}.Debug|x86.Build.0 = Debug|Any CPU
		{B55B056B-BB9D-41EF-B6E2-7FB69CB66CBF}.Release|Any CPU.ActiveCfg = Release|Any CPU
		{B55B056B-BB9D-41EF-B6E2-7FB69CB66CBF}.Release|Any CPU.Build.0 = Release|Any CPU
		{B55B056B-BB9D-41EF-B6E2-7FB69CB66CBF}.Release|x64.ActiveCfg = Release|Any CPU
		{B55B056B-BB9D-41EF-B6E2-7FB69CB66CBF}.Release|x64.Build.0 = Release|Any CPU
		{B55B056B-BB9D-41EF-B6E2-7FB69CB66CBF}.Release|x86.ActiveCfg = Release|Any CPU
		{B55B056B-BB9D-41EF-B6E2-7FB69CB66CBF}.Release|x86.Build.0 = Release|Any CPU
		{82C559A0-34A7-4DCD-AAD6-F97D8977AF47}.Debug|Any CPU.ActiveCfg = Debug|Any CPU
		{82C559A0-34A7-4DCD-AAD6-F97D8977AF47}.Debug|Any CPU.Build.0 = Debug|Any CPU
		{82C559A0-34A7-4DCD-AAD6-F97D8977AF47}.Debug|x64.ActiveCfg = Debug|Any CPU
		{82C559A0-34A7-4DCD-AAD6-F97D8977AF47}.Debug|x64.Build.0 = Debug|Any CPU
		{82C559A0-34A7-4DCD-AAD6-F97D8977AF47}.Debug|x86.ActiveCfg = Debug|Any CPU
		{82C559A0-34A7-4DCD-AAD6-F97D8977AF47}.Debug|x86.Build.0 = Debug|Any CPU
		{82C559A0-34A7-4DCD-AAD6-F97D8977AF47}.Release|Any CPU.ActiveCfg = Release|Any CPU
		{82C559A0-34A7-4DCD-AAD6-F97D8977AF47}.Release|Any CPU.Build.0 = Release|Any CPU
		{82C559A0-34A7-4DCD-AAD6-F97D8977AF47}.Release|x64.ActiveCfg = Release|Any CPU
		{82C559A0-34A7-4DCD-AAD6-F97D8977AF47}.Release|x64.Build.0 = Release|Any CPU
		{82C559A0-34A7-4DCD-AAD6-F97D8977AF47}.Release|x86.ActiveCfg = Release|Any CPU
		{82C559A0-34A7-4DCD-AAD6-F97D8977AF47}.Release|x86.Build.0 = Release|Any CPU
		{2E61F1C9-85EF-4A84-AE01-7BC574B89A53}.Debug|Any CPU.ActiveCfg = Debug|Any CPU
		{2E61F1C9-85EF-4A84-AE01-7BC574B89A53}.Debug|Any CPU.Build.0 = Debug|Any CPU
		{2E61F1C9-85EF-4A84-AE01-7BC574B89A53}.Debug|x64.ActiveCfg = Debug|Any CPU
		{2E61F1C9-85EF-4A84-AE01-7BC574B89A53}.Debug|x64.Build.0 = Debug|Any CPU
		{2E61F1C9-85EF-4A84-AE01-7BC574B89A53}.Debug|x86.ActiveCfg = Debug|Any CPU
		{2E61F1C9-85EF-4A84-AE01-7BC574B89A53}.Debug|x86.Build.0 = Debug|Any CPU
		{2E61F1C9-85EF-4A84-AE01-7BC574B89A53}.Release|Any CPU.ActiveCfg = Release|Any CPU
		{2E61F1C9-85EF-4A84-AE01-7BC574B89A53}.Release|Any CPU.Build.0 = Release|Any CPU
		{2E61F1C9-85EF-4A84-AE01-7BC574B89A53}.Release|x64.ActiveCfg = Release|Any CPU
		{2E61F1C9-85EF-4A84-AE01-7BC574B89A53}.Release|x64.Build.0 = Release|Any CPU
		{2E61F1C9-85EF-4A84-AE01-7BC574B89A53}.Release|x86.ActiveCfg = Release|Any CPU
		{2E61F1C9-85EF-4A84-AE01-7BC574B89A53}.Release|x86.Build.0 = Release|Any CPU
		{F2D41563-378D-46F9-B662-4F87333EF15F}.Debug|Any CPU.ActiveCfg = Debug|Any CPU
		{F2D41563-378D-46F9-B662-4F87333EF15F}.Debug|Any CPU.Build.0 = Debug|Any CPU
		{F2D41563-378D-46F9-B662-4F87333EF15F}.Debug|x64.ActiveCfg = Debug|Any CPU
		{F2D41563-378D-46F9-B662-4F87333EF15F}.Debug|x64.Build.0 = Debug|Any CPU
		{F2D41563-378D-46F9-B662-4F87333EF15F}.Debug|x86.ActiveCfg = Debug|Any CPU
		{F2D41563-378D-46F9-B662-4F87333EF15F}.Debug|x86.Build.0 = Debug|Any CPU
		{F2D41563-378D-46F9-B662-4F87333EF15F}.Release|Any CPU.ActiveCfg = Release|Any CPU
		{F2D41563-378D-46F9-B662-4F87333EF15F}.Release|Any CPU.Build.0 = Release|Any CPU
		{F2D41563-378D-46F9-B662-4F87333EF15F}.Release|x64.ActiveCfg = Release|Any CPU
		{F2D41563-378D-46F9-B662-4F87333EF15F}.Release|x64.Build.0 = Release|Any CPU
		{F2D41563-378D-46F9-B662-4F87333EF15F}.Release|x86.ActiveCfg = Release|Any CPU
		{F2D41563-378D-46F9-B662-4F87333EF15F}.Release|x86.Build.0 = Release|Any CPU
		{41256E3A-5C5D-44CB-B766-BB84C29DFFCC}.Debug|Any CPU.ActiveCfg = Debug|Any CPU
		{41256E3A-5C5D-44CB-B766-BB84C29DFFCC}.Debug|Any CPU.Build.0 = Debug|Any CPU
		{41256E3A-5C5D-44CB-B766-BB84C29DFFCC}.Debug|x64.ActiveCfg = Debug|Any CPU
		{41256E3A-5C5D-44CB-B766-BB84C29DFFCC}.Debug|x64.Build.0 = Debug|Any CPU
		{41256E3A-5C5D-44CB-B766-BB84C29DFFCC}.Debug|x86.ActiveCfg = Debug|Any CPU
		{41256E3A-5C5D-44CB-B766-BB84C29DFFCC}.Debug|x86.Build.0 = Debug|Any CPU
		{41256E3A-5C5D-44CB-B766-BB84C29DFFCC}.Release|Any CPU.ActiveCfg = Release|Any CPU
		{41256E3A-5C5D-44CB-B766-BB84C29DFFCC}.Release|Any CPU.Build.0 = Release|Any CPU
		{41256E3A-5C5D-44CB-B766-BB84C29DFFCC}.Release|x64.ActiveCfg = Release|Any CPU
		{41256E3A-5C5D-44CB-B766-BB84C29DFFCC}.Release|x64.Build.0 = Release|Any CPU
		{41256E3A-5C5D-44CB-B766-BB84C29DFFCC}.Release|x86.ActiveCfg = Release|Any CPU
		{41256E3A-5C5D-44CB-B766-BB84C29DFFCC}.Release|x86.Build.0 = Release|Any CPU
	EndGlobalSection
	GlobalSection(SolutionProperties) = preSolution
		HideSolutionNode = FALSE
	EndGlobalSection
EndGlobal
